// !$*UTF8*$!
{
	archiveVersion = 1;
	classes = {
	};
	objectVersion = 50;
	objects = {

/* Begin PBXBuildFile section */
		7E2C215B20F8796900A94433 /* AppDelegate.swift in Sources */ = {isa = PBXBuildFile; fileRef = 7E2C215A20F8796900A94433 /* AppDelegate.swift */; };
		7E2C215D20F8796900A94433 /* ViewController.swift in Sources */ = {isa = PBXBuildFile; fileRef = 7E2C215C20F8796900A94433 /* ViewController.swift */; };
		7E2C216020F8796900A94433 /* Main.storyboard in Resources */ = {isa = PBXBuildFile; fileRef = 7E2C215E20F8796900A94433 /* Main.storyboard */; };
		7E2C216220F8796A00A94433 /* Assets.xcassets in Resources */ = {isa = PBXBuildFile; fileRef = 7E2C216120F8796A00A94433 /* Assets.xcassets */; };
		7E2C216520F8796A00A94433 /* LaunchScreen.storyboard in Resources */ = {isa = PBXBuildFile; fileRef = 7E2C216320F8796A00A94433 /* LaunchScreen.storyboard */; };
		7E2C217020F8796A00A94433 /* HomeDepot_CodeAssignmentTests.swift in Sources */ = {isa = PBXBuildFile; fileRef = 7E2C216F20F8796A00A94433 /* HomeDepot_CodeAssignmentTests.swift */; };
		7E2C217B20F8796A00A94433 /* HomeDepot_CodeAssignmentUITests.swift in Sources */ = {isa = PBXBuildFile; fileRef = 7E2C217A20F8796A00A94433 /* HomeDepot_CodeAssignmentUITests.swift */; };
		7E2C218C20F89C4600A94433 /* Model.swift in Sources */ = {isa = PBXBuildFile; fileRef = 7E2C218B20F89C4600A94433 /* Model.swift */; };
		7E2C218E20F8A0C800A94433 /* WebService.swift in Sources */ = {isa = PBXBuildFile; fileRef = 7E2C218D20F8A0C800A94433 /* WebService.swift */; };
		7E2C219020F8A79000A94433 /* CustomCell.swift in Sources */ = {isa = PBXBuildFile; fileRef = 7E2C218F20F8A78F00A94433 /* CustomCell.swift */; };
/* End PBXBuildFile section */

/* Begin PBXContainerItemProxy section */
		7E2C216C20F8796A00A94433 /* PBXContainerItemProxy */ = {
			isa = PBXContainerItemProxy;
			containerPortal = 7E2C214F20F8796800A94433 /* Project object */;
			proxyType = 1;
			remoteGlobalIDString = 7E2C215620F8796800A94433;
			remoteInfo = HomeDepot_CodeAssignment;
		};
		7E2C217720F8796A00A94433 /* PBXContainerItemProxy */ = {
			isa = PBXContainerItemProxy;
			containerPortal = 7E2C214F20F8796800A94433 /* Project object */;
			proxyType = 1;
			remoteGlobalIDString = 7E2C215620F8796800A94433;
			remoteInfo = HomeDepot_CodeAssignment;
		};
/* End PBXContainerItemProxy section */

/* Begin PBXFileReference section */
		7E2C215720F8796900A94433 /* HomeDepot_CodeAssignment.app */ = {isa = PBXFileReference; explicitFileType = wrapper.application; includeInIndex = 0; path = HomeDepot_CodeAssignment.app; sourceTree = BUILT_PRODUCTS_DIR; };
		7E2C215A20F8796900A94433 /* AppDelegate.swift */ = {isa = PBXFileReference; lastKnownFileType = sourcecode.swift; path = AppDelegate.swift; sourceTree = "<group>"; };
		7E2C215C20F8796900A94433 /* ViewController.swift */ = {isa = PBXFileReference; lastKnownFileType = sourcecode.swift; path = ViewController.swift; sourceTree = "<group>"; };
		7E2C215F20F8796900A94433 /* Base */ = {isa = PBXFileReference; lastKnownFileType = file.storyboard; name = Base; path = Base.lproj/Main.storyboard; sourceTree = "<group>"; };
		7E2C216120F8796A00A94433 /* Assets.xcassets */ = {isa = PBXFileReference; lastKnownFileType = folder.assetcatalog; path = Assets.xcassets; sourceTree = "<group>"; };
		7E2C216420F8796A00A94433 /* Base */ = {isa = PBXFileReference; lastKnownFileType = file.storyboard; name = Base; path = Base.lproj/LaunchScreen.storyboard; sourceTree = "<group>"; };
		7E2C216620F8796A00A94433 /* Info.plist */ = {isa = PBXFileReference; lastKnownFileType = text.plist.xml; path = Info.plist; sourceTree = "<group>"; };
		7E2C216B20F8796A00A94433 /* HomeDepot_CodeAssignmentTests.xctest */ = {isa = PBXFileReference; explicitFileType = wrapper.cfbundle; includeInIndex = 0; path = HomeDepot_CodeAssignmentTests.xctest; sourceTree = BUILT_PRODUCTS_DIR; };
		7E2C216F20F8796A00A94433 /* HomeDepot_CodeAssignmentTests.swift */ = {isa = PBXFileReference; lastKnownFileType = sourcecode.swift; path = HomeDepot_CodeAssignmentTests.swift; sourceTree = "<group>"; };
		7E2C217120F8796A00A94433 /* Info.plist */ = {isa = PBXFileReference; lastKnownFileType = text.plist.xml; path = Info.plist; sourceTree = "<group>"; };
		7E2C217620F8796A00A94433 /* HomeDepot_CodeAssignmentUITests.xctest */ = {isa = PBXFileReference; explicitFileType = wrapper.cfbundle; includeInIndex = 0; path = HomeDepot_CodeAssignmentUITests.xctest; sourceTree = BUILT_PRODUCTS_DIR; };
		7E2C217A20F8796A00A94433 /* HomeDepot_CodeAssignmentUITests.swift */ = {isa = PBXFileReference; lastKnownFileType = sourcecode.swift; path = HomeDepot_CodeAssignmentUITests.swift; sourceTree = "<group>"; };
		7E2C217C20F8796A00A94433 /* Info.plist */ = {isa = PBXFileReference; lastKnownFileType = text.plist.xml; path = Info.plist; sourceTree = "<group>"; };
		7E2C218B20F89C4600A94433 /* Model.swift */ = {isa = PBXFileReference; lastKnownFileType = sourcecode.swift; path = Model.swift; sourceTree = "<group>"; };
		7E2C218D20F8A0C800A94433 /* WebService.swift */ = {isa = PBXFileReference; lastKnownFileType = sourcecode.swift; path = WebService.swift; sourceTree = "<group>"; };
		7E2C218F20F8A78F00A94433 /* CustomCell.swift */ = {isa = PBXFileReference; lastKnownFileType = sourcecode.swift; path = CustomCell.swift; sourceTree = "<group>"; };
/* End PBXFileReference section */

/* Begin PBXFrameworksBuildPhase section */
		7E2C215420F8796800A94433 /* Frameworks */ = {
			isa = PBXFrameworksBuildPhase;
			buildActionMask = 2147483647;
			files = (
			);
			runOnlyForDeploymentPostprocessing = 0;
		};
		7E2C216820F8796A00A94433 /* Frameworks */ = {
			isa = PBXFrameworksBuildPhase;
			buildActionMask = 2147483647;
			files = (
			);
			runOnlyForDeploymentPostprocessing = 0;
		};
		7E2C217320F8796A00A94433 /* Frameworks */ = {
			isa = PBXFrameworksBuildPhase;
			buildActionMask = 2147483647;
			files = (
			);
			runOnlyForDeploymentPostprocessing = 0;
		};
/* End PBXFrameworksBuildPhase section */

/* Begin PBXGroup section */
		7E2C214E20F8796800A94433 = {
			isa = PBXGroup;
			children = (
				7E2C215920F8796900A94433 /* HomeDepot_CodeAssignment */,
				7E2C216E20F8796A00A94433 /* HomeDepot_CodeAssignmentTests */,
				7E2C217920F8796A00A94433 /* HomeDepot_CodeAssignmentUITests */,
				7E2C215820F8796900A94433 /* Products */,
			);
			sourceTree = "<group>";
		};
		7E2C215820F8796900A94433 /* Products */ = {
			isa = PBXGroup;
			children = (
				7E2C215720F8796900A94433 /* HomeDepot_CodeAssignment.app */,
				7E2C216B20F8796A00A94433 /* HomeDepot_CodeAssignmentTests.xctest */,
				7E2C217620F8796A00A94433 /* HomeDepot_CodeAssignmentUITests.xctest */,
			);
			name = Products;
			sourceTree = "<group>";
		};
		7E2C215920F8796900A94433 /* HomeDepot_CodeAssignment */ = {
			isa = PBXGroup;
			children = (
				7E2C218820F893CB00A94433 /* Common */,
				7E2C215A20F8796900A94433 /* AppDelegate.swift */,
				7E2C215C20F8796900A94433 /* ViewController.swift */,
				7E2C215E20F8796900A94433 /* Main.storyboard */,
				7E2C216120F8796A00A94433 /* Assets.xcassets */,
				7E2C216320F8796A00A94433 /* LaunchScreen.storyboard */,
				7E2C216620F8796A00A94433 /* Info.plist */,
			);
			path = HomeDepot_CodeAssignment;
			sourceTree = "<group>";
		};
		7E2C216E20F8796A00A94433 /* HomeDepot_CodeAssignmentTests */ = {
			isa = PBXGroup;
			children = (
				7E2C216F20F8796A00A94433 /* HomeDepot_CodeAssignmentTests.swift */,
				7E2C217120F8796A00A94433 /* Info.plist */,
			);
			path = HomeDepot_CodeAssignmentTests;
			sourceTree = "<group>";
		};
		7E2C217920F8796A00A94433 /* HomeDepot_CodeAssignmentUITests */ = {
			isa = PBXGroup;
			children = (
				7E2C217A20F8796A00A94433 /* HomeDepot_CodeAssignmentUITests.swift */,
				7E2C217C20F8796A00A94433 /* Info.plist */,
			);
			path = HomeDepot_CodeAssignmentUITests;
			sourceTree = "<group>";
		};
		7E2C218820F893CB00A94433 /* Common */ = {
			isa = PBXGroup;
			children = (
				7E2C218B20F89C4600A94433 /* Model.swift */,
				7E2C218D20F8A0C800A94433 /* WebService.swift */,
				7E2C218F20F8A78F00A94433 /* CustomCell.swift */,
			);
			path = Common;
			sourceTree = "<group>";
		};
/* End PBXGroup section */

/* Begin PBXNativeTarget section */
		7E2C215620F8796800A94433 /* HomeDepot_CodeAssignment */ = {
			isa = PBXNativeTarget;
			buildConfigurationList = 7E2C217F20F8796A00A94433 /* Build configuration list for PBXNativeTarget "HomeDepot_CodeAssignment" */;
			buildPhases = (
				7E2C215320F8796800A94433 /* Sources */,
				7E2C215420F8796800A94433 /* Frameworks */,
				7E2C215520F8796800A94433 /* Resources */,
			);
			buildRules = (
			);
			dependencies = (
			);
			name = HomeDepot_CodeAssignment;
			productName = HomeDepot_CodeAssignment;
			productReference = 7E2C215720F8796900A94433 /* HomeDepot_CodeAssignment.app */;
			productType = "com.apple.product-type.application";
		};
		7E2C216A20F8796A00A94433 /* HomeDepot_CodeAssignmentTests */ = {
			isa = PBXNativeTarget;
			buildConfigurationList = 7E2C218220F8796A00A94433 /* Build configuration list for PBXNativeTarget "HomeDepot_CodeAssignmentTests" */;
			buildPhases = (
				7E2C216720F8796A00A94433 /* Sources */,
				7E2C216820F8796A00A94433 /* Frameworks */,
				7E2C216920F8796A00A94433 /* Resources */,
			);
			buildRules = (
			);
			dependencies = (
				7E2C216D20F8796A00A94433 /* PBXTargetDependency */,
			);
			name = HomeDepot_CodeAssignmentTests;
			productName = HomeDepot_CodeAssignmentTests;
			productReference = 7E2C216B20F8796A00A94433 /* HomeDepot_CodeAssignmentTests.xctest */;
			productType = "com.apple.product-type.bundle.unit-test";
		};
		7E2C217520F8796A00A94433 /* HomeDepot_CodeAssignmentUITests */ = {
			isa = PBXNativeTarget;
			buildConfigurationList = 7E2C218520F8796A00A94433 /* Build configuration list for PBXNativeTarget "HomeDepot_CodeAssignmentUITests" */;
			buildPhases = (
				7E2C217220F8796A00A94433 /* Sources */,
				7E2C217320F8796A00A94433 /* Frameworks */,
				7E2C217420F8796A00A94433 /* Resources */,
			);
			buildRules = (
			);
			dependencies = (
				7E2C217820F8796A00A94433 /* PBXTargetDependency */,
			);
			name = HomeDepot_CodeAssignmentUITests;
			productName = HomeDepot_CodeAssignmentUITests;
			productReference = 7E2C217620F8796A00A94433 /* HomeDepot_CodeAssignmentUITests.xctest */;
			productType = "com.apple.product-type.bundle.ui-testing";
		};
/* End PBXNativeTarget section */

/* Begin PBXProject section */
		7E2C214F20F8796800A94433 /* Project object */ = {
			isa = PBXProject;
			attributes = {
				LastSwiftUpdateCheck = 0940;
				LastUpgradeCheck = 0940;
				ORGANIZATIONNAME = "Naga Kukunuru";
				TargetAttributes = {
					7E2C215620F8796800A94433 = {
						CreatedOnToolsVersion = 9.4.1;
					};
					7E2C216A20F8796A00A94433 = {
						CreatedOnToolsVersion = 9.4.1;
						TestTargetID = 7E2C215620F8796800A94433;
					};
					7E2C217520F8796A00A94433 = {
						CreatedOnToolsVersion = 9.4.1;
						TestTargetID = 7E2C215620F8796800A94433;
					};
				};
			};
			buildConfigurationList = 7E2C215220F8796800A94433 /* Build configuration list for PBXProject "HomeDepot_CodeAssignment" */;
			compatibilityVersion = "Xcode 9.3";
			developmentRegion = en;
			hasScannedForEncodings = 0;
			knownRegions = (
				en,
				Base,
			);
			mainGroup = 7E2C214E20F8796800A94433;
			productRefGroup = 7E2C215820F8796900A94433 /* Products */;
			projectDirPath = "";
			projectRoot = "";
			targets = (
				7E2C215620F8796800A94433 /* HomeDepot_CodeAssignment */,
				7E2C216A20F8796A00A94433 /* HomeDepot_CodeAssignmentTests */,
				7E2C217520F8796A00A94433 /* HomeDepot_CodeAssignmentUITests */,
			);
		};
/* End PBXProject section */

/* Begin PBXResourcesBuildPhase section */
		7E2C215520F8796800A94433 /* Resources */ = {
			isa = PBXResourcesBuildPhase;
			buildActionMask = 2147483647;
			files = (
				7E2C216520F8796A00A94433 /* LaunchScreen.storyboard in Resources */,
				7E2C216220F8796A00A94433 /* Assets.xcassets in Resources */,
				7E2C216020F8796900A94433 /* Main.storyboard in Resources */,
			);
			runOnlyForDeploymentPostprocessing = 0;
		};
		7E2C216920F8796A00A94433 /* Resources */ = {
			isa = PBXResourcesBuildPhase;
			buildActionMask = 2147483647;
			files = (
			);
			runOnlyForDeploymentPostprocessing = 0;
		};
		7E2C217420F8796A00A94433 /* Resources */ = {
			isa = PBXResourcesBuildPhase;
			buildActionMask = 2147483647;
			files = (
			);
			runOnlyForDeploymentPostprocessing = 0;
		};
/* End PBXResourcesBuildPhase section */

/* Begin PBXSourcesBuildPhase section */
		7E2C215320F8796800A94433 /* Sources */ = {
			isa = PBXSourcesBuildPhase;
			buildActionMask = 2147483647;
			files = (
				7E2C218C20F89C4600A94433 /* Model.swift in Sources */,
				7E2C215D20F8796900A94433 /* ViewController.swift in Sources */,
				7E2C219020F8A79000A94433 /* CustomCell.swift in Sources */,
				7E2C218E20F8A0C800A94433 /* WebService.swift in Sources */,
				7E2C215B20F8796900A94433 /* AppDelegate.swift in Sources */,
			);
			runOnlyForDeploymentPostprocessing = 0;
		};
		7E2C216720F8796A00A94433 /* Sources */ = {
			isa = PBXSourcesBuildPhase;
			buildActionMask = 2147483647;
			files = (
				7E2C217020F8796A00A94433 /* HomeDepot_CodeAssignmentTests.swift in Sources */,
			);
			runOnlyForDeploymentPostprocessing = 0;
		};
		7E2C217220F8796A00A94433 /* Sources */ = {
			isa = PBXSourcesBuildPhase;
			buildActionMask = 2147483647;
			files = (
				7E2C217B20F8796A00A94433 /* HomeDepot_CodeAssignmentUITests.swift in Sources */,
			);
			runOnlyForDeploymentPostprocessing = 0;
		};
/* End PBXSourcesBuildPhase section */

/* Begin PBXTargetDependency section */
		7E2C216D20F8796A00A94433 /* PBXTargetDependency */ = {
			isa = PBXTargetDependency;
			target = 7E2C215620F8796800A94433 /* HomeDepot_CodeAssignment */;
			targetProxy = 7E2C216C20F8796A00A94433 /* PBXContainerItemProxy */;
		};
		7E2C217820F8796A00A94433 /* PBXTargetDependency */ = {
			isa = PBXTargetDependency;
			target = 7E2C215620F8796800A94433 /* HomeDepot_CodeAssignment */;
			targetProxy = 7E2C217720F8796A00A94433 /* PBXContainerItemProxy */;
		};
/* End PBXTargetDependency section */

/* Begin PBXVariantGroup section */
		7E2C215E20F8796900A94433 /* Main.storyboard */ = {
			isa = PBXVariantGroup;
			children = (
				7E2C215F20F8796900A94433 /* Base */,
			);
			name = Main.storyboard;
			sourceTree = "<group>";
		};
		7E2C216320F8796A00A94433 /* LaunchScreen.storyboard */ = {
			isa = PBXVariantGroup;
			children = (
				7E2C216420F8796A00A94433 /* Base */,
			);
			name = LaunchScreen.storyboard;
			sourceTree = "<group>";
		};
/* End PBXVariantGroup section */

/* Begin XCBuildConfiguration section */
		7E2C217D20F8796A00A94433 /* Debug */ = {
			isa = XCBuildConfiguration;
			buildSettings = {
				ALWAYS_SEARCH_USER_PATHS = NO;
				CLANG_ANALYZER_NONNULL = YES;
				CLANG_ANALYZER_NUMBER_OBJECT_CONVERSION = YES_AGGRESSIVE;
				CLANG_CXX_LANGUAGE_STANDARD = "gnu++14";
				CLANG_CXX_LIBRARY = "libc++";
				CLANG_ENABLE_MODULES = YES;
				CLANG_ENABLE_OBJC_ARC = YES;
				CLANG_ENABLE_OBJC_WEAK = YES;
				CLANG_WARN_BLOCK_CAPTURE_AUTORELEASING = YES;
				CLANG_WARN_BOOL_CONVERSION = YES;
				CLANG_WARN_COMMA = YES;
				CLANG_WARN_CONSTANT_CONVERSION = YES;
				CLANG_WARN_DEPRECATED_OBJC_IMPLEMENTATIONS = YES;
				CLANG_WARN_DIRECT_OBJC_ISA_USAGE = YES_ERROR;
				CLANG_WARN_DOCUMENTATION_COMMENTS = YES;
				CLANG_WARN_EMPTY_BODY = YES;
				CLANG_WARN_ENUM_CONVERSION = YES;
				CLANG_WARN_INFINITE_RECURSION = YES;
				CLANG_WARN_INT_CONVERSION = YES;
				CLANG_WARN_NON_LITERAL_NULL_CONVERSION = YES;
				CLANG_WARN_OBJC_IMPLICIT_RETAIN_SELF = YES;
				CLANG_WARN_OBJC_LITERAL_CONVERSION = YES;
				CLANG_WARN_OBJC_ROOT_CLASS = YES_ERROR;
				CLANG_WARN_RANGE_LOOP_ANALYSIS = YES;
				CLANG_WARN_STRICT_PROTOTYPES = YES;
				CLANG_WARN_SUSPICIOUS_MOVE = YES;
				CLANG_WARN_UNGUARDED_AVAILABILITY = YES_AGGRESSIVE;
				CLANG_WARN_UNREACHABLE_CODE = YES;
				CLANG_WARN__DUPLICATE_METHOD_MATCH = YES;
				CODE_SIGN_IDENTITY = "iPhone Developer";
				COPY_PHASE_STRIP = NO;
				DEBUG_INFORMATION_FORMAT = dwarf;
				ENABLE_STRICT_OBJC_MSGSEND = YES;
				ENABLE_TESTABILITY = YES;
				GCC_C_LANGUAGE_STANDARD = gnu11;
				GCC_DYNAMIC_NO_PIC = NO;
				GCC_NO_COMMON_BLOCKS = YES;
				GCC_OPTIMIZATION_LEVEL = 0;
				GCC_PREPROCESSOR_DEFINITIONS = (
					"DEBUG=1",
					"$(inherited)",
				);
				GCC_WARN_64_TO_32_BIT_CONVERSION = YES;
				GCC_WARN_ABOUT_RETURN_TYPE = YES_ERROR;
				GCC_WARN_UNDECLARED_SELECTOR = YES;
				GCC_WARN_UNINITIALIZED_AUTOS = YES_AGGRESSIVE;
				GCC_WARN_UNUSED_FUNCTION = YES;
				GCC_WARN_UNUSED_VARIABLE = YES;
				IPHONEOS_DEPLOYMENT_TARGET = 11.4;
				MTL_ENABLE_DEBUG_INFO = YES;
				ONLY_ACTIVE_ARCH = YES;
				SDKROOT = iphoneos;
				SWIFT_ACTIVE_COMPILATION_CONDITIONS = DEBUG;
				SWIFT_OPTIMIZATION_LEVEL = "-Onone";
			};
			name = Debug;
		};
		7E2C217E20F8796A00A94433 /* Release */ = {
			isa = XCBuildConfiguration;
			buildSettings = {
				ALWAYS_SEARCH_USER_PATHS = NO;
				CLANG_ANALYZER_NONNULL = YES;
				CLANG_ANALYZER_NUMBER_OBJECT_CONVERSION = YES_AGGRESSIVE;
				CLANG_CXX_LANGUAGE_STANDARD = "gnu++14";
				CLANG_CXX_LIBRARY = "libc++";
				CLANG_ENABLE_MODULES = YES;
				CLANG_ENABLE_OBJC_ARC = YES;
				CLANG_ENABLE_OBJC_WEAK = YES;
				CLANG_WARN_BLOCK_CAPTURE_AUTORELEASING = YES;
				CLANG_WARN_BOOL_CONVERSION = YES;
				CLANG_WARN_COMMA = YES;
				CLANG_WARN_CONSTANT_CONVERSION = YES;
				CLANG_WARN_DEPRECATED_OBJC_IMPLEMENTATIONS = YES;
				CLANG_WARN_DIRECT_OBJC_ISA_USAGE = YES_ERROR;
				CLANG_WARN_DOCUMENTATION_COMMENTS = YES;
				CLANG_WARN_EMPTY_BODY = YES;
				CLANG_WARN_ENUM_CONVERSION = YES;
				CLANG_WARN_INFINITE_RECURSION = YES;
				CLANG_WARN_INT_CONVERSION = YES;
				CLANG_WARN_NON_LITERAL_NULL_CONVERSION = YES;
				CLANG_WARN_OBJC_IMPLICIT_RETAIN_SELF = YES;
				CLANG_WARN_OBJC_LITERAL_CONVERSION = YES;
				CLANG_WARN_OBJC_ROOT_CLASS = YES_ERROR;
				CLANG_WARN_RANGE_LOOP_ANALYSIS = YES;
				CLANG_WARN_STRICT_PROTOTYPES = YES;
				CLANG_WARN_SUSPICIOUS_MOVE = YES;
				CLANG_WARN_UNGUARDED_AVAILABILITY = YES_AGGRESSIVE;
				CLANG_WARN_UNREACHABLE_CODE = YES;
				CLANG_WARN__DUPLICATE_METHOD_MATCH = YES;
				CODE_SIGN_IDENTITY = "iPhone Developer";
				COPY_PHASE_STRIP = NO;
				DEBUG_INFORMATION_FORMAT = "dwarf-with-dsym";
				ENABLE_NS_ASSERTIONS = NO;
				ENABLE_STRICT_OBJC_MSGSEND = YES;
				GCC_C_LANGUAGE_STANDARD = gnu11;
				GCC_NO_COMMON_BLOCKS = YES;
				GCC_WARN_64_TO_32_BIT_CONVERSION = YES;
				GCC_WARN_ABOUT_RETURN_TYPE = YES_ERROR;
				GCC_WARN_UNDECLARED_SELECTOR = YES;
				GCC_WARN_UNINITIALIZED_AUTOS = YES_AGGRESSIVE;
				GCC_WARN_UNUSED_FUNCTION = YES;
				GCC_WARN_UNUSED_VARIABLE = YES;
				IPHONEOS_DEPLOYMENT_TARGET = 11.4;
				MTL_ENABLE_DEBUG_INFO = NO;
				SDKROOT = iphoneos;
				SWIFT_COMPILATION_MODE = wholemodule;
				SWIFT_OPTIMIZATION_LEVEL = "-O";
				VALIDATE_PRODUCT = YES;
			};
			name = Release;
		};
		7E2C218020F8796A00A94433 /* Debug */ = {
			isa = XCBuildConfiguration;
			buildSettings = {
				ASSETCATALOG_COMPILER_APPICON_NAME = AppIcon;
				CODE_SIGN_STYLE = Automatic;
				INFOPLIST_FILE = HomeDepot_CodeAssignment/Info.plist;
				LD_RUNPATH_SEARCH_PATHS = (
					"$(inherited)",
					"@executable_path/Frameworks",
				);
				PRODUCT_BUNDLE_IDENTIFIER = "nagakukunuru.HomeDepot-CodeAssignment";
				PRODUCT_NAME = "$(TARGET_NAME)";
				SWIFT_VERSION = 4.0;
				TARGETED_DEVICE_FAMILY = "1,2";
			};
			name = Debug;
		};
		7E2C218120F8796A00A94433 /* Release */ = {
			isa = XCBuildConfiguration;
			buildSettings = {
				ASSETCATALOG_COMPILER_APPICON_NAME = AppIcon;
				CODE_SIGN_STYLE = Automatic;
				INFOPLIST_FILE = HomeDepot_CodeAssignment/Info.plist;
				LD_RUNPATH_SEARCH_PATHS = (
					"$(inherited)",
					"@executable_path/Frameworks",
				);
				PRODUCT_BUNDLE_IDENTIFIER = "nagakukunuru.HomeDepot-CodeAssignment";
				PRODUCT_NAME = "$(TARGET_NAME)";
				SWIFT_VERSION = 4.0;
				TARGETED_DEVICE_FAMILY = "1,2";
			};
			name = Release;
		};
		7E2C218320F8796A00A94433 /* Debug */ = {
			isa = XCBuildConfiguration;
			buildSettings = {
				ALWAYS_EMBED_SWIFT_STANDARD_LIBRARIES = YES;
				BUNDLE_LOADER = "$(TEST_HOST)";
				CODE_SIGN_STYLE = Automatic;
				INFOPLIST_FILE = HomeDepot_CodeAssignmentTests/Info.plist;
				LD_RUNPATH_SEARCH_PATHS = (
					"$(inherited)",
					"@executable_path/Frameworks",
					"@loader_path/Frameworks",
				);
				PRODUCT_BUNDLE_IDENTIFIER = "nagakukunuru.HomeDepot-CodeAssignmentTests";
				PRODUCT_NAME = "$(TARGET_NAME)";
				SWIFT_VERSION = 4.0;
				TARGETED_DEVICE_FAMILY = "1,2";
				TEST_HOST = "$(BUILT_PRODUCTS_DIR)/HomeDepot_CodeAssignment.app/HomeDepot_CodeAssignment";
			};
			name = Debug;
		};
		7E2C218420F8796A00A94433 /* Release */ = {
			isa = XCBuildConfiguration;
			buildSettings = {
				ALWAYS_EMBED_SWIFT_STANDARD_LIBRARIES = YES;
				BUNDLE_LOADER = "$(TEST_HOST)";
				CODE_SIGN_STYLE = Automatic;
				INFOPLIST_FILE = HomeDepot_CodeAssignmentTests/Info.plist;
				LD_RUNPATH_SEARCH_PATHS = (
					"$(inherited)",
					"@executable_path/Frameworks",
					"@loader_path/Frameworks",
				);
				PRODUCT_BUNDLE_IDENTIFIER = "nagakukunuru.HomeDepot-CodeAssignmentTests";
				PRODUCT_NAME = "$(TARGET_NAME)";
				SWIFT_VERSION = 4.0;
				TARGETED_DEVICE_FAMILY = "1,2";
				TEST_HOST = "$(BUILT_PRODUCTS_DIR)/HomeDepot_CodeAssignment.app/HomeDepot_CodeAssignment";
			};
			name = Release;
		};
		7E2C218620F8796A00A94433 /* Debug */ = {
			isa = XCBuildConfiguration;
			buildSettings = {
				ALWAYS_EMBED_SWIFT_STANDARD_LIBRARIES = YES;
				CODE_SIGN_STYLE = Automatic;
				INFOPLIST_FILE = HomeDepot_CodeAssignmentUITests/Info.plist;
				LD_RUNPATH_SEARCH_PATHS = (
					"$(inherited)",
					"@executable_path/Frameworks",
					"@loader_path/Frameworks",
				);
				PRODUCT_BUNDLE_IDENTIFIER = "nagakukunuru.HomeDepot-CodeAssignmentUITests";
				PRODUCT_NAME = "$(TARGET_NAME)";
				SWIFT_VERSION = 4.0;
				TARGETED_DEVICE_FAMILY = "1,2";
				TEST_TARGET_NAME = HomeDepot_CodeAssignment;
			};
			name = Debug;
		};
		7E2C218720F8796A00A94433 /* Release */ = {
			isa = XCBuildConfiguration;
			buildSettings = {
				ALWAYS_EMBED_SWIFT_STANDARD_LIBRARIES = YES;
				CODE_SIGN_STYLE = Automatic;
				INFOPLIST_FILE = HomeDepot_CodeAssignmentUITests/Info.plist;
				LD_RUNPATH_SEARCH_PATHS = (
					"$(inherited)",
					"@executable_path/Frameworks",
					"@loader_path/Frameworks",
				);
				PRODUCT_BUNDLE_IDENTIFIER = "nagakukunuru.HomeDepot-CodeAssignmentUITests";
				PRODUCT_NAME = "$(TARGET_NAME)";
				SWIFT_VERSION = 4.0;
				TARGETED_DEVICE_FAMILY = "1,2";
				TEST_TARGET_NAME = HomeDepot_CodeAssignment;
			};
			name = Release;
		};
/* End XCBuildConfiguration section */

/* Begin XCConfigurationList section */
		7E2C215220F8796800A94433 /* Build configuration list for PBXProject "HomeDepot_CodeAssignment" */ = {
			isa = XCConfigurationList;
			buildConfigurations = (
				7E2C217D20F8796A00A94433 /* Debug */,
				7E2C217E20F8796A00A94433 /* Release */,
			);
			defaultConfigurationIsVisible = 0;
			defaultConfigurationName = Release;
		};
		7E2C217F20F8796A00A94433 /* Build configuration list for PBXNativeTarget "HomeDepot_CodeAssignment" */ = {
			isa = XCConfigurationList;
			buildConfigurations = (
				7E2C218020F8796A00A94433 /* Debug */,
				7E2C218120F8796A00A94433 /* Release */,
			);
			defaultConfigurationIsVisible = 0;
			defaultConfigurationName = Release;
		};
		7E2C218220F8796A00A94433 /* Build configuration list for PBXNativeTarget "HomeDepot_CodeAssignmentTests" */ = {
			isa = XCConfigurationList;
			buildConfigurations = (
				7E2C218320F8796A00A94433 /* Debug */,
				7E2C218420F8796A00A94433 /* Release */,
			);
			defaultConfigurationIsVisible = 0;
			defaultConfigurationName = Release;
		};
		7E2C218520F8796A00A94433 /* Build configuration list for PBXNativeTarget "HomeDepot_CodeAssignmentUITests" */ = {
			isa = XCConfigurationList;
			buildConfigurations = (
				7E2C218620F8796A00A94433 /* Debug */,
				7E2C218720F8796A00A94433 /* Release */,
			);
			defaultConfigurationIsVisible = 0;
			defaultConfigurationName = Release;
		};
/* End XCConfigurationList section */
	};
	rootObject = 7E2C214F20F8796800A94433 /* Project object */;
}
